
Microsoft Visual Studio Solution File, Format Version 12.00
# Visual Studio 15
VisualStudioVersion = 15.0.27703.2035
MinimumVisualStudioVersion = 10.0.40219.1
Project("{888888A0-9F3D-457C-B088-3A5042F75D52}") = "webcrawler", "webcrawler\webcrawler.pyproj", "{C6BACE8E-7466-4ACC-8528-1DC21B82FB73}"
EndProject
Global
	GlobalSection(SolutionConfigurationPlatforms) = preSolution
		Debug|Any CPU = Debug|Any CPU
		Release|Any CPU = Release|Any CPU
	EndGlobalSection
	GlobalSection(ProjectConfigurationPlatforms) = postSolution
		{C6BACE8E-7466-4ACC-8528-1DC21B82FB73}.Debug|Any CPU.ActiveCfg = Debug|Any CPU
		{C6BACE8E-7466-4ACC-8528-1DC21B82FB73}.Release|Any CPU.ActiveCfg = Release|Any CPU
	EndGlobalSection
	GlobalSection(SolutionProperties) = preSolution
		HideSolutionNode = FALSE
	EndGlobalSection
	GlobalSection(ExtensibilityGlobals) = postSolution
		SolutionGuid = {154F62E3-2DF9-469B-B270-2D34F37F2A60}
	EndGlobalSection
EndGlobal
